Microsoft Visual Studio Solution File, Format Version 11.00
# Visual Studio 2008

Project("{03B47C2F-C843-E342-11BD-3EE71B09946A}") = "Flappy_Seal", "Assembly-CSharp.csproj", "{FBA2EB67-2078-5D02-E733-F0FAA942981E}"
EndProject
Global
	GlobalSection(SolutionConfigurationPlatforms) = preSolution
		Debug|Any CPU = Debug|Any CPU
		Release|Any CPU = Release|Any CPU
	EndGlobalSection
	GlobalSection(ProjectConfigurationPlatforms) = postSolution
		{FBA2EB67-2078-5D02-E733-F0FAA942981E}.Debug|Any CPU.ActiveCfg = Debug|Any CPU
		{FBA2EB67-2078-5D02-E733-F0FAA942981E}.Debug|Any CPU.Build.0 = Debug|Any CPU
		{FBA2EB67-2078-5D02-E733-F0FAA942981E}.Release|Any CPU.ActiveCfg = Release|Any CPU
		{FBA2EB67-2078-5D02-E733-F0FAA942981E}.Release|Any CPU.Build.0 = Release|Any CPU
	EndGlobalSection
	GlobalSection(SolutionProperties) = preSolution
		HideSolutionNode = FALSE
	EndGlobalSection
	GlobalSection(MonoDevelopProperties) = preSolution
		StartupItem = Assembly-CSharp.csproj
	EndGlobalSection
EndGlobal
